<?xml version="1.0" encoding="utf-8"?>
<Project ToolsVersion="4.0" xmlns="http://schemas.microsoft.com/developer/msbuild/2003">
  <ItemGroup>
    <Filter Include="소스 파일">
      <UniqueIdentifier>{4FC737F1-C7A5-4376-A066-2A32D752A2FF}</UniqueIdentifier>
      <Extensions>cpp;c;cc;cxx;def;odl;idl;hpj;bat;asm;asmx</Extensions>
    </Filter>
    <Filter Include="헤더 파일">
      <UniqueIdentifier>{93995380-89BD-4b04-88EB-625FBE52EBFB}</UniqueIdentifier>
      <Extensions>h;hh;hpp;hxx;hm;inl;inc;ipp;xsd</Extensions>
    </Filter>
    <Filter Include="리소스 파일">
      <UniqueIdentifier>{67DA6AB6-F800-4c08-8B7A-83BB121AAD01}</UniqueIdentifier>
      <Extensions>rc;ico;cur;bmp;dlg;rc2;rct;bin;rgs;gif;jpg;jpeg;jpe;resx;tiff;tif;png;wav;mfcribbon-ms</Extensions>
    </Filter>
    <Filter Include="MainGame">
      <UniqueIdentifier>{49036dc3-09e4-40d6-a5d8-87f8277db0a7}</UniqueIdentifier>
    </Filter>
    <Filter Include="2DFrameWork">
      <UniqueIdentifier>{68ec7a59-951f-4ca9-9540-50e82f0aa353}</UniqueIdentifier>
    </Filter>
    <Filter Include="2DFrameWork\Utill">
      <UniqueIdentifier>{0041ea8e-c8c3-4a6a-ac89-c6a8fd20cd70}</UniqueIdentifier>
    </Filter>
    <Filter Include="2DFrameWork\GameNode">
      <UniqueIdentifier>{ebc13aea-8787-495a-8183-20a4beb98304}</UniqueIdentifier>
    </Filter>
    <Filter Include="2DFrameWork\SingleTon">
      <UniqueIdentifier>{0553f052-02d7-46cd-bbcd-cd961d51dc3c}</UniqueIdentifier>
    </Filter>
    <Filter Include="2DFrameWork\Manager">
      <UniqueIdentifier>{52dcab0a-5549-44df-986e-4f228a463bea}</UniqueIdentifier>
    </Filter>
    <Filter Include="2DFrameWork\Backbuffer">
      <UniqueIdentifier>{9db00d90-208d-4784-9645-0900194dd182}</UniqueIdentifier>
    </Filter>
    <Filter Include="2DFrameWork\Image">
      <UniqueIdentifier>{b3728354-41b4-4233-8f49-ee60bed35289}</UniqueIdentifier>
    </Filter>
    <Filter Include="MainGame\test">
      <UniqueIdentifier>{5800dc43-35c4-452f-a3a0-a3aa2fe7cd2a}</UniqueIdentifier>
    </Filter>
    <Filter Include="MainGame\Object">
      <UniqueIdentifier>{e3869efb-f5e8-4ab9-a6c0-32c6a02670c6}</UniqueIdentifier>
    </Filter>
    <Filter Include="MainGame\test\111">
      <UniqueIdentifier>{4e879a62-9a10-4c7e-9852-4862048825cb}</UniqueIdentifier>
    </Filter>
    <Filter Include="2DFrameWork\Animation">
      <UniqueIdentifier>{b8b92754-442e-457f-8f4a-4b9e6525051d}</UniqueIdentifier>
    </Filter>
    <Filter Include="2DFrameWork\Timer">
      <UniqueIdentifier>{474cc2ce-0f04-407a-92a0-12cc598b12f0}</UniqueIdentifier>
    </Filter>
    <Filter Include="2DFrameWork\Camera">
      <UniqueIdentifier>{8d8d4258-d357-4f17-878e-f1ac05f9799f}</UniqueIdentifier>
    </Filter>
    <Filter Include="2DFrameWork\Effect">
      <UniqueIdentifier>{82bd1e2d-426b-46f9-bded-1bfebf9a48bb}</UniqueIdentifier>
    </Filter>
    <Filter Include="MainGame\Object\Enemy">
      <UniqueIdentifier>{f15d4d53-7e57-4be0-8e00-bee69843e498}</UniqueIdentifier>
    </Filter>
    <Filter Include="MainGame\Object\SpaceShip">
      <UniqueIdentifier>{349ed6ca-57c5-40a6-892a-0012305dd491}</UniqueIdentifier>
    </Filter>
    <Filter Include="2DFrameWork\Scene">
      <UniqueIdentifier>{25e504a3-ba93-4aa5-9923-5a4e359acc05}</UniqueIdentifier>
    </Filter>
    <Filter Include="2DFrameWork\ProgressBar">
      <UniqueIdentifier>{fcc0398f-d4bd-4cc8-b2a4-8b872d8bf5f5}</UniqueIdentifier>
    </Filter>
    <Filter Include="2DFrameWork\Button">
      <UniqueIdentifier>{54849bb5-ab7c-47c4-a515-464cd51d171b}</UniqueIdentifier>
    </Filter>
    <Filter Include="2DFrameWork\Manager\TXT">
      <UniqueIdentifier>{2541365f-d180-427f-8ccc-8f9cc9ffa068}</UniqueIdentifier>
    </Filter>
    <Filter Include="2DFrameWork\MapTool">
      <UniqueIdentifier>{0e4bd977-70a2-4464-8504-d07b4753165d}</UniqueIdentifier>
    </Filter>
    <Filter Include="2DFrameWork\Action">
      <UniqueIdentifier>{d13e335f-109c-4f88-9ba4-71982e77ac73}</UniqueIdentifier>
    </Filter>
    <Filter Include="MainGame\Astar">
      <UniqueIdentifier>{4298066d-7743-45ce-90c7-971d8a67c3b7}</UniqueIdentifier>
    </Filter>
  </ItemGroup>
  <ItemGroup>
    <ClCompile Include="소스.cpp">
      <Filter>소스 파일</Filter>
    </ClCompile>
    <ClCompile Include="GameNode.cpp">
      <Filter>2DFrameWork\GameNode</Filter>
    </ClCompile>
    <ClCompile Include="MainGame.cpp">
      <Filter>MainGame</Filter>
    </ClCompile>
    <ClCompile Include="KeyManager.cpp">
      <Filter>2DFrameWork\Manager</Filter>
    </ClCompile>
    <ClCompile Include="Backbuffer.cpp">
      <Filter>2DFrameWork\Backbuffer</Filter>
    </ClCompile>
    <ClCompile Include="Image.cpp">
      <Filter>2DFrameWork\Image</Filter>
    </ClCompile>
    <ClCompile Include="RenderTest.cpp">
      <Filter>MainGame\test</Filter>
    </ClCompile>
    <ClCompile Include="ImageCropTest.cpp">
      <Filter>MainGame\test</Filter>
    </ClCompile>
    <ClCompile Include="Player.cpp">
      <Filter>MainGame\Object</Filter>
    </ClCompile>
    <ClCompile Include="Monster.cpp">
      <Filter>MainGame\Object</Filter>
    </ClCompile>
    <ClCompile Include="TrigonometricTest.cpp">
      <Filter>MainGame\test</Filter>
    </ClCompile>
    <ClCompile Include="Util.cpp">
      <Filter>2DFrameWork\Utill</Filter>
    </ClCompile>
    <ClCompile Include="CollisionFunction.cpp">
      <Filter>2DFrameWork\Utill</Filter>
    </ClCompile>
    <ClCompile Include="Animation.cpp">
      <Filter>2DFrameWork\Animation</Filter>
    </ClCompile>
    <ClCompile Include="ImageManager.cpp">
      <Filter>2DFrameWork\Manager</Filter>
    </ClCompile>
    <ClCompile Include="Timer.cpp">
      <Filter>2DFrameWork\Timer</Filter>
    </ClCompile>
    <ClCompile Include="TimeManager.cpp">
      <Filter>2DFrameWork\Manager</Filter>
    </ClCompile>
    <ClCompile Include="StalkerTest.cpp">
      <Filter>MainGame\test</Filter>
    </ClCompile>
    <ClCompile Include="Camera.cpp">
      <Filter>2DFrameWork\Camera</Filter>
    </ClCompile>
    <ClCompile Include="AnimationTest.cpp">
      <Filter>MainGame\test</Filter>
    </ClCompile>
    <ClCompile Include="CameraTest.cpp">
      <Filter>MainGame\test</Filter>
    </ClCompile>
    <ClCompile Include="EffectManager.cpp">
      <Filter>2DFrameWork\Manager</Filter>
    </ClCompile>
    <ClCompile Include="Effect.cpp">
      <Filter>2DFrameWork\Effect</Filter>
    </ClCompile>
    <ClCompile Include="PixelCollisionTest.cpp">
      <Filter>MainGame\test</Filter>
    </ClCompile>
    <ClCompile Include="Enemy.cpp">
      <Filter>MainGame\Object\Enemy</Filter>
    </ClCompile>
    <ClCompile Include="AlphaRenderTest.cpp">
      <Filter>MainGame\test</Filter>
    </ClCompile>
    <ClCompile Include="SceneManager.cpp">
      <Filter>2DFrameWork\Manager</Filter>
    </ClCompile>
    <ClCompile Include="LoadingScene.cpp">
      <Filter>2DFrameWork\Scene</Filter>
    </ClCompile>
    <ClCompile Include="InGameScene.cpp">
      <Filter>2DFrameWork\Scene</Filter>
    </ClCompile>
    <ClCompile Include="StartScene.cpp">
      <Filter>2DFrameWork\Scene</Filter>
    </ClCompile>
    <ClCompile Include="SpaceShip.cpp">
      <Filter>MainGame\Object\SpaceShip</Filter>
    </ClCompile>
    <ClCompile Include="ProgressBar.cpp">
      <Filter>2DFrameWork\ProgressBar</Filter>
    </ClCompile>
    <ClCompile Include="Button.cpp">
      <Filter>2DFrameWork\Button</Filter>
    </ClCompile>
    <ClCompile Include="SoundManager.cpp">
      <Filter>2DFrameWork\Manager</Filter>
    </ClCompile>
    <ClCompile Include="TextData.cpp">
      <Filter>2DFrameWork\Manager\TXT</Filter>
    </ClCompile>
    <ClCompile Include="AniManager.cpp">
      <Filter>2DFrameWork\Manager</Filter>
    </ClCompile>
    <ClCompile Include="EffectTest.cpp">
      <Filter>MainGame\test</Filter>
    </ClCompile>
    <ClCompile Include="BattleShip.cpp">
      <Filter>MainGame\Object\SpaceShip</Filter>
    </ClCompile>
    <ClCompile Include="FrameRenderTest.cpp">
      <Filter>MainGame\test</Filter>
    </ClCompile>
    <ClCompile Include="MapTool.cpp">
      <Filter>2DFrameWork\MapTool</Filter>
    </ClCompile>
    <ClCompile Include="TankMap.cpp">
      <Filter>2DFrameWork\MapTool</Filter>
    </ClCompile>
    <ClCompile Include="Tank.cpp">
      <Filter>MainGame\Object</Filter>
    </ClCompile>
    <ClCompile Include="Action.cpp">
      <Filter>2DFrameWork\Action</Filter>
    </ClCompile>
    <ClCompile Include="ActionMoveTest.cpp">
      <Filter>MainGame\test\111</Filter>
    </ClCompile>
    <ClCompile Include="MovieTest.cpp">
      <Filter>MainGame\test</Filter>
    </ClCompile>
    <ClCompile Include="RotationTest.cpp">
      <Filter>MainGame\test</Filter>
    </ClCompile>
    <ClCompile Include="TankMoveTest.cpp">
      <Filter>MainGame\test</Filter>
    </ClCompile>
    <ClCompile Include="tile.cpp">
      <Filter>MainGame\Astar</Filter>
    </ClCompile>
    <ClCompile Include="AstarTest.cpp">
      <Filter>MainGame\Astar</Filter>
    </ClCompile>
    <ClCompile Include="AstarPathFindTest.cpp">
      <Filter>MainGame\test\111</Filter>
    </ClCompile>
  </ItemGroup>
  <ItemGroup>
    <ClInclude Include="stdafx.h">
      <Filter>헤더 파일</Filter>
    </ClInclude>
    <ClInclude Include="GameNode.h">
      <Filter>2DFrameWork\GameNode</Filter>
    </ClInclude>
    <ClInclude Include="MainGame.h">
      <Filter>MainGame</Filter>
    </ClInclude>
    <ClInclude Include="SingleTon.h">
      <Filter>2DFrameWork\SingleTon</Filter>
    </ClInclude>
    <ClInclude Include="RandomFunction.h">
      <Filter>2DFrameWork\Utill</Filter>
    </ClInclude>
    <ClInclude Include="KeyManager.h">
      <Filter>2DFrameWork\Manager</Filter>
    </ClInclude>
    <ClInclude Include="commonMacroFuntion.h">
      <Filter>2DFrameWork\Utill</Filter>
    </ClInclude>
    <ClInclude Include="Backbuffer.h">
      <Filter>2DFrameWork\Backbuffer</Filter>
    </ClInclude>
    <ClInclude Include="MacroDefine.h">
      <Filter>헤더 파일</Filter>
    </ClInclude>
    <ClInclude Include="CustomDefine.h">
      <Filter>헤더 파일</Filter>
    </ClInclude>
    <ClInclude Include="Image.h">
      <Filter>2DFrameWork\Image</Filter>
    </ClInclude>
    <ClInclude Include="RenderTest.h">
      <Filter>MainGame\test</Filter>
    </ClInclude>
    <ClInclude Include="ImageCropTest.h">
      <Filter>MainGame\test</Filter>
    </ClInclude>
    <ClInclude Include="Player.h">
      <Filter>MainGame\Object</Filter>
    </ClInclude>
    <ClInclude Include="Monster.h">
      <Filter>MainGame\Object</Filter>
    </ClInclude>
    <ClInclude Include="TrigonometricTest.h">
      <Filter>MainGame\test</Filter>
    </ClInclude>
    <ClInclude Include="CollisionFunction.h">
      <Filter>2DFrameWork\Utill</Filter>
    </ClInclude>
    <ClInclude Include="Util.h">
      <Filter>2DFrameWork\Utill</Filter>
    </ClInclude>
    <ClInclude Include="Animation.h">
      <Filter>2DFrameWork\Animation</Filter>
    </ClInclude>
    <ClInclude Include="ImageManager.h">
      <Filter>2DFrameWork\Manager</Filter>
    </ClInclude>
    <ClInclude Include="Timer.h">
      <Filter>2DFrameWork\Timer</Filter>
    </ClInclude>
    <ClInclude Include="TimeManager.h">
      <Filter>2DFrameWork\Manager</Filter>
    </ClInclude>
    <ClInclude Include="StalkerTest.h">
      <Filter>MainGame\test</Filter>
    </ClInclude>
    <ClInclude Include="Camera.h">
      <Filter>2DFrameWork\Camera</Filter>
    </ClInclude>
    <ClInclude Include="AnimationTest.h">
      <Filter>MainGame\test</Filter>
    </ClInclude>
    <ClInclude Include="CameraTest.h">
      <Filter>MainGame\test</Filter>
    </ClInclude>
    <ClInclude Include="EffectManager.h">
      <Filter>2DFrameWork\Manager</Filter>
    </ClInclude>
    <ClInclude Include="Effect.h">
      <Filter>2DFrameWork\Effect</Filter>
    </ClInclude>
    <ClInclude Include="PixelCollisionTest.h">
      <Filter>MainGame\test</Filter>
    </ClInclude>
    <ClInclude Include="Enemy.h">
      <Filter>MainGame\Object\Enemy</Filter>
    </ClInclude>
    <ClInclude Include="AlphaRenderTest.h">
      <Filter>MainGame\test</Filter>
    </ClInclude>
    <ClInclude Include="SceneManager.h">
      <Filter>2DFrameWork\Manager</Filter>
    </ClInclude>
    <ClInclude Include="LoadingScene.h">
      <Filter>2DFrameWork\Scene</Filter>
    </ClInclude>
    <ClInclude Include="InGameScene.h">
      <Filter>2DFrameWork\Scene</Filter>
    </ClInclude>
    <ClInclude Include="StartScene.h">
      <Filter>2DFrameWork\Scene</Filter>
    </ClInclude>
    <ClInclude Include="SpaceShip.h">
      <Filter>MainGame\Object\SpaceShip</Filter>
    </ClInclude>
    <ClInclude Include="ProgressBar.h">
      <Filter>2DFrameWork\ProgressBar</Filter>
    </ClInclude>
    <ClInclude Include="Button.h">
      <Filter>2DFrameWork\Button</Filter>
    </ClInclude>
    <ClInclude Include="SoundManager.h">
      <Filter>2DFrameWork\Manager</Filter>
    </ClInclude>
    <ClInclude Include="TextData.h">
      <Filter>2DFrameWork\Manager\TXT</Filter>
    </ClInclude>
    <ClInclude Include="AniManager.h">
      <Filter>2DFrameWork\Manager</Filter>
    </ClInclude>
    <ClInclude Include="EffectTest.h">
      <Filter>MainGame\test</Filter>
    </ClInclude>
    <ClInclude Include="BattleShip.h">
      <Filter>MainGame\Object\SpaceShip</Filter>
    </ClInclude>
    <ClInclude Include="FrameRenderTest.h">
      <Filter>MainGame\test</Filter>
    </ClInclude>
    <ClInclude Include="MapTool.h">
      <Filter>2DFrameWork\MapTool</Filter>
    </ClInclude>
    <ClInclude Include="TankMap.h">
      <Filter>2DFrameWork\MapTool</Filter>
    </ClInclude>
    <ClInclude Include="Tank.h">
      <Filter>MainGame\Object</Filter>
    </ClInclude>
    <ClInclude Include="Action.h">
      <Filter>2DFrameWork\Action</Filter>
    </ClInclude>
    <ClInclude Include="ActionMoveTest.h">
      <Filter>MainGame\test\111</Filter>
    </ClInclude>
    <ClInclude Include="MovieTest.h">
      <Filter>MainGame\test</Filter>
    </ClInclude>
    <ClInclude Include="RotationTest.h">
      <Filter>MainGame\test</Filter>
    </ClInclude>
    <ClInclude Include="TankMoveTest.h">
      <Filter>MainGame\test</Filter>
    </ClInclude>
    <ClInclude Include="tile.h">
      <Filter>MainGame\Astar</Filter>
    </ClInclude>
    <ClInclude Include="AstarTest.h">
      <Filter>MainGame\Astar</Filter>
    </ClInclude>
    <ClInclude Include="AstarPathFindTest.h">
      <Filter>MainGame\test\111</Filter>
    </ClInclude>
  </ItemGroup>
</Project>